// !$*UTF8*$!
{
	archiveVersion = 1;
	classes = {
	};
	objectVersion = 46;
	objects = {

/* Begin PBXBuildFile section */
		2BCB1F04195519C600065003 /* AppDelegate.swift in Sources */ = {isa = PBXBuildFile; fileRef = 2BCB1F03195519C600065003 /* AppDelegate.swift */; };
		2BCB1F06195519C600065003 /* ViewController.swift in Sources */ = {isa = PBXBuildFile; fileRef = 2BCB1F05195519C600065003 /* ViewController.swift */; };
		2BCB1F09195519C600065003 /* Main.storyboard in Resources */ = {isa = PBXBuildFile; fileRef = 2BCB1F07195519C600065003 /* Main.storyboard */; };
		2BCB1F0B195519C600065003 /* Images.xcassets in Resources */ = {isa = PBXBuildFile; fileRef = 2BCB1F0A195519C600065003 /* Images.xcassets */; };
		2BCB1F17195519C600065003 /* Geo_Regions_TestTests.swift in Sources */ = {isa = PBXBuildFile; fileRef = 2BCB1F16195519C600065003 /* Geo_Regions_TestTests.swift */; };
		2BCB1F2119551BD600065003 /* MapKit.framework in Frameworks */ = {isa = PBXBuildFile; fileRef = 2BCB1F2019551BD600065003 /* MapKit.framework */; };
		2BCB1F2319554FC400065003 /* CoreLocation.framework in Frameworks */ = {isa = PBXBuildFile; fileRef = 2BCB1F2219554FC400065003 /* CoreLocation.framework */; };
		2BCB1F251955500E00065003 /* RegionMonitor.swift in Sources */ = {isa = PBXBuildFile; fileRef = 2BCB1F241955500E00065003 /* RegionMonitor.swift */; };
		2BE79E0419555410004C28FB /* MyAnnotation.swift in Sources */ = {isa = PBXBuildFile; fileRef = 2BE79E0319555410004C28FB /* MyAnnotation.swift */; };
		2BE79E0619555AC8004C28FB /* Log.swift in Sources */ = {isa = PBXBuildFile; fileRef = 2BE79E0519555AC8004C28FB /* Log.swift */; };
		2BE79E0819555D97004C28FB /* Location.swift in Sources */ = {isa = PBXBuildFile; fileRef = 2BE79E0719555D97004C28FB /* Location.swift */; };
/* End PBXBuildFile section */

/* Begin PBXContainerItemProxy section */
		2BCB1F11195519C600065003 /* PBXContainerItemProxy */ = {
			isa = PBXContainerItemProxy;
			containerPortal = 2BCB1EF6195519C600065003 /* Project object */;
			proxyType = 1;
			remoteGlobalIDString = 2BCB1EFD195519C600065003;
			remoteInfo = "Geo Regions Test";
		};
/* End PBXContainerItemProxy section */

/* Begin PBXFileReference section */
		2BCB1EFE195519C600065003 /* Geo Regions Test.app */ = {isa = PBXFileReference; explicitFileType = wrapper.application; includeInIndex = 0; path = "Geo Regions Test.app"; sourceTree = BUILT_PRODUCTS_DIR; };
		2BCB1F02195519C600065003 /* Info.plist */ = {isa = PBXFileReference; lastKnownFileType = text.plist.xml; path = Info.plist; sourceTree = "<group>"; };
		2BCB1F03195519C600065003 /* AppDelegate.swift */ = {isa = PBXFileReference; lastKnownFileType = sourcecode.swift; path = AppDelegate.swift; sourceTree = "<group>"; };
		2BCB1F05195519C600065003 /* ViewController.swift */ = {isa = PBXFileReference; lastKnownFileType = sourcecode.swift; path = ViewController.swift; sourceTree = "<group>"; };
		2BCB1F08195519C600065003 /* Base */ = {isa = PBXFileReference; lastKnownFileType = file.storyboard; name = Base; path = Base.lproj/Main.storyboard; sourceTree = "<group>"; };
		2BCB1F0A195519C600065003 /* Images.xcassets */ = {isa = PBXFileReference; lastKnownFileType = folder.assetcatalog; path = Images.xcassets; sourceTree = "<group>"; };
		2BCB1F10195519C600065003 /* Geo Regions TestTests.xctest */ = {isa = PBXFileReference; explicitFileType = wrapper.cfbundle; includeInIndex = 0; path = "Geo Regions TestTests.xctest"; sourceTree = BUILT_PRODUCTS_DIR; };
		2BCB1F15195519C600065003 /* Info.plist */ = {isa = PBXFileReference; lastKnownFileType = text.plist.xml; path = Info.plist; sourceTree = "<group>"; };
		2BCB1F16195519C600065003 /* Geo_Regions_TestTests.swift */ = {isa = PBXFileReference; lastKnownFileType = sourcecode.swift; path = Geo_Regions_TestTests.swift; sourceTree = "<group>"; };
		2BCB1F2019551BD600065003 /* MapKit.framework */ = {isa = PBXFileReference; lastKnownFileType = wrapper.framework; name = MapKit.framework; path = System/Library/Frameworks/MapKit.framework; sourceTree = SDKROOT; };
		2BCB1F2219554FC400065003 /* CoreLocation.framework */ = {isa = PBXFileReference; lastKnownFileType = wrapper.framework; name = CoreLocation.framework; path = System/Library/Frameworks/CoreLocation.framework; sourceTree = SDKROOT; };
		2BCB1F241955500E00065003 /* RegionMonitor.swift */ = {isa = PBXFileReference; fileEncoding = 4; lastKnownFileType = sourcecode.swift; name = RegionMonitor.swift; path = ../RegionMonitor.swift; sourceTree = "<group>"; };
		2BE79E0319555410004C28FB /* MyAnnotation.swift */ = {isa = PBXFileReference; fileEncoding = 4; lastKnownFileType = sourcecode.swift; name = MyAnnotation.swift; path = ../MyAnnotation.swift; sourceTree = "<group>"; };
		2BE79E0519555AC8004C28FB /* Log.swift */ = {isa = PBXFileReference; fileEncoding = 4; lastKnownFileType = sourcecode.swift; name = Log.swift; path = ../Log.swift; sourceTree = "<group>"; };
		2BE79E0719555D97004C28FB /* Location.swift */ = {isa = PBXFileReference; fileEncoding = 4; lastKnownFileType = sourcecode.swift; name = Location.swift; path = ../Location.swift; sourceTree = "<group>"; };
/* End PBXFileReference section */

/* Begin PBXFrameworksBuildPhase section */
		2BCB1EFB195519C600065003 /* Frameworks */ = {
			isa = PBXFrameworksBuildPhase;
			buildActionMask = 2147483647;
			files = (
				2BCB1F2319554FC400065003 /* CoreLocation.framework in Frameworks */,
				2BCB1F2119551BD600065003 /* MapKit.framework in Frameworks */,
			);
			runOnlyForDeploymentPostprocessing = 0;
		};
		2BCB1F0D195519C600065003 /* Frameworks */ = {
			isa = PBXFrameworksBuildPhase;
			buildActionMask = 2147483647;
			files = (
			);
			runOnlyForDeploymentPostprocessing = 0;
		};
/* End PBXFrameworksBuildPhase section */

/* Begin PBXGroup section */
		2BCB1EF5195519C600065003 = {
			isa = PBXGroup;
			children = (
				2BCB1F2219554FC400065003 /* CoreLocation.framework */,
				2BCB1F2019551BD600065003 /* MapKit.framework */,
				2BCB1F00195519C600065003 /* Geo Regions Test */,
				2BCB1F13195519C600065003 /* Geo Regions TestTests */,
				2BCB1EFF195519C600065003 /* Products */,
			);
			sourceTree = "<group>";
		};
		2BCB1EFF195519C600065003 /* Products */ = {
			isa = PBXGroup;
			children = (
				2BCB1EFE195519C600065003 /* Geo Regions Test.app */,
				2BCB1F10195519C600065003 /* Geo Regions TestTests.xctest */,
			);
			name = Products;
			sourceTree = "<group>";
		};
		2BCB1F00195519C600065003 /* Geo Regions Test */ = {
			isa = PBXGroup;
			children = (
				2BE79E0719555D97004C28FB /* Location.swift */,
				2BE79E0519555AC8004C28FB /* Log.swift */,
				2BE79E0319555410004C28FB /* MyAnnotation.swift */,
				2BCB1F241955500E00065003 /* RegionMonitor.swift */,
				2BCB1F03195519C600065003 /* AppDelegate.swift */,
				2BCB1F05195519C600065003 /* ViewController.swift */,
				2BCB1F07195519C600065003 /* Main.storyboard */,
				2BCB1F0A195519C600065003 /* Images.xcassets */,
				2BCB1F01195519C600065003 /* Supporting Files */,
			);
			path = "Geo Regions Test";
			sourceTree = "<group>";
		};
		2BCB1F01195519C600065003 /* Supporting Files */ = {
			isa = PBXGroup;
			children = (
				2BCB1F02195519C600065003 /* Info.plist */,
			);
			name = "Supporting Files";
			sourceTree = "<group>";
		};
		2BCB1F13195519C600065003 /* Geo Regions TestTests */ = {
			isa = PBXGroup;
			children = (
				2BCB1F16195519C600065003 /* Geo_Regions_TestTests.swift */,
				2BCB1F14195519C600065003 /* Supporting Files */,
			);
			path = "Geo Regions TestTests";
			sourceTree = "<group>";
		};
		2BCB1F14195519C600065003 /* Supporting Files */ = {
			isa = PBXGroup;
			children = (
				2BCB1F15195519C600065003 /* Info.plist */,
			);
			name = "Supporting Files";
			sourceTree = "<group>";
		};
/* End PBXGroup section */

/* Begin PBXNativeTarget section */
		2BCB1EFD195519C600065003 /* Geo Regions Test */ = {
			isa = PBXNativeTarget;
			buildConfigurationList = 2BCB1F1A195519C600065003 /* Build configuration list for PBXNativeTarget "Geo Regions Test" */;
			buildPhases = (
				2BCB1EFA195519C600065003 /* Sources */,
				2BCB1EFB195519C600065003 /* Frameworks */,
				2BCB1EFC195519C600065003 /* Resources */,
			);
			buildRules = (
			);
			dependencies = (
			);
			name = "Geo Regions Test";
			productName = "Geo Regions Test";
			productReference = 2BCB1EFE195519C600065003 /* Geo Regions Test.app */;
			productType = "com.apple.product-type.application";
		};
		2BCB1F0F195519C600065003 /* Geo Regions TestTests */ = {
			isa = PBXNativeTarget;
			buildConfigurationList = 2BCB1F1D195519C600065003 /* Build configuration list for PBXNativeTarget "Geo Regions TestTests" */;
			buildPhases = (
				2BCB1F0C195519C600065003 /* Sources */,
				2BCB1F0D195519C600065003 /* Frameworks */,
				2BCB1F0E195519C600065003 /* Resources */,
			);
			buildRules = (
			);
			dependencies = (
				2BCB1F12195519C600065003 /* PBXTargetDependency */,
			);
			name = "Geo Regions TestTests";
			productName = "Geo Regions TestTests";
			productReference = 2BCB1F10195519C600065003 /* Geo Regions TestTests.xctest */;
			productType = "com.apple.product-type.bundle.unit-test";
		};
/* End PBXNativeTarget section */

/* Begin PBXProject section */
		2BCB1EF6195519C600065003 /* Project object */ = {
			isa = PBXProject;
			attributes = {
				LastUpgradeCheck = 0600;
				ORGANIZATIONNAME = "Evgenii Neumerzhitckii";
				TargetAttributes = {
					2BCB1EFD195519C600065003 = {
						CreatedOnToolsVersion = 6.0;
					};
					2BCB1F0F195519C600065003 = {
						CreatedOnToolsVersion = 6.0;
						TestTargetID = 2BCB1EFD195519C600065003;
					};
				};
			};
			buildConfigurationList = 2BCB1EF9195519C600065003 /* Build configuration list for PBXProject "Geo Regions Test" */;
			compatibilityVersion = "Xcode 3.2";
			developmentRegion = English;
			hasScannedForEncodings = 0;
			knownRegions = (
				en,
				Base,
			);
			mainGroup = 2BCB1EF5195519C600065003;
			productRefGroup = 2BCB1EFF195519C600065003 /* Products */;
			projectDirPath = "";
			projectRoot = "";
			targets = (
				2BCB1EFD195519C600065003 /* Geo Regions Test */,
				2BCB1F0F195519C600065003 /* Geo Regions TestTests */,
			);
		};
/* End PBXProject section */

/* Begin PBXResourcesBuildPhase section */
		2BCB1EFC195519C600065003 /* Resources */ = {
			isa = PBXResourcesBuildPhase;
			buildActionMask = 2147483647;
			files = (
				2BCB1F09195519C600065003 /* Main.storyboard in Resources */,
				2BCB1F0B195519C600065003 /* Images.xcassets in Resources */,
			);
			runOnlyForDeploymentPostprocessing = 0;
		};
		2BCB1F0E195519C600065003 /* Resources */ = {
			isa = PBXResourcesBuildPhase;
			buildActionMask = 2147483647;
			files = (
			);
			runOnlyForDeploymentPostprocessing = 0;
		};
/* End PBXResourcesBuildPhase section */

/* Begin PBXSourcesBuildPhase section */
		2BCB1EFA195519C600065003 /* Sources */ = {
			isa = PBXSourcesBuildPhase;
			buildActionMask = 2147483647;
			files = (
				2BCB1F251955500E00065003 /* RegionMonitor.swift in Sources */,
				2BCB1F06195519C600065003 /* ViewController.swift in Sources */,
				2BE79E0619555AC8004C28FB /* Log.swift in Sources */,
				2BE79E0419555410004C28FB /* MyAnnotation.swift in Sources */,
				2BE79E0819555D97004C28FB /* Location.swift in Sources */,
				2BCB1F04195519C600065003 /* AppDelegate.swift in Sources */,
			);
			runOnlyForDeploymentPostprocessing = 0;
		};
		2BCB1F0C195519C600065003 /* Sources */ = {
			isa = PBXSourcesBuildPhase;
			buildActionMask = 2147483647;
			files = (
				2BCB1F17195519C600065003 /* Geo_Regions_TestTests.swift in Sources */,
			);
			runOnlyForDeploymentPostprocessing = 0;
		};
/* End PBXSourcesBuildPhase section */

/* Begin PBXTargetDependency section */
		2BCB1F12195519C600065003 /* PBXTargetDependency */ = {
			isa = PBXTargetDependency;
			target = 2BCB1EFD195519C600065003 /* Geo Regions Test */;
			targetProxy = 2BCB1F11195519C600065003 /* PBXContainerItemProxy */;
		};
/* End PBXTargetDependency section */

/* Begin PBXVariantGroup section */
		2BCB1F07195519C600065003 /* Main.storyboard */ = {
			isa = PBXVariantGroup;
			children = (
				2BCB1F08195519C600065003 /* Base */,
			);
			name = Main.storyboard;
			sourceTree = "<group>";
		};
/* End PBXVariantGroup section */

/* Begin XCBuildConfiguration section */
		2BCB1F18195519C600065003 /* Debug */ = {
			isa = XCBuildConfiguration;
			buildSettings = {
				ALWAYS_SEARCH_USER_PATHS = NO;
				CLANG_CXX_LANGUAGE_STANDARD = "gnu++0x";
				CLANG_CXX_LIBRARY = "libc++";
				CLANG_ENABLE_MODULES = YES;
				CLANG_ENABLE_OBJC_ARC = YES;
				CLANG_WARN_BOOL_CONVERSION = YES;
				CLANG_WARN_CONSTANT_CONVERSION = YES;
				CLANG_WARN_DIRECT_OBJC_ISA_USAGE = YES_ERROR;
				CLANG_WARN_EMPTY_BODY = YES;
				CLANG_WARN_ENUM_CONVERSION = YES;
				CLANG_WARN_INT_CONVERSION = YES;
				CLANG_WARN_OBJC_ROOT_CLASS = YES_ERROR;
				CLANG_WARN_UNREACHABLE_CODE = YES;
				CLANG_WARN__DUPLICATE_METHOD_MATCH = YES;
				"CODE_SIGN_IDENTITY[sdk=iphoneos*]" = "iPhone Developer";
				COPY_PHASE_STRIP = NO;
				ENABLE_STRICT_OBJC_MSGSEND = YES;
				GCC_C_LANGUAGE_STANDARD = gnu99;
				GCC_DYNAMIC_NO_PIC = NO;
				GCC_OPTIMIZATION_LEVEL = 0;
				GCC_PREPROCESSOR_DEFINITIONS = (
					"DEBUG=1",
					"$(inherited)",
				);
				GCC_SYMBOLS_PRIVATE_EXTERN = NO;
				GCC_WARN_64_TO_32_BIT_CONVERSION = YES;
				GCC_WARN_ABOUT_RETURN_TYPE = YES_ERROR;
				GCC_WARN_UNDECLARED_SELECTOR = YES;
				GCC_WARN_UNINITIALIZED_AUTOS = YES_AGGRESSIVE;
				GCC_WARN_UNUSED_FUNCTION = YES;
				GCC_WARN_UNUSED_VARIABLE = YES;
				IPHONEOS_DEPLOYMENT_TARGET = 7.0;
				METAL_ENABLE_DEBUG_INFO = YES;
				ONLY_ACTIVE_ARCH = YES;
				SDKROOT = iphoneos;
				SWIFT_OPTIMIZATION_LEVEL = "-Onone";
				TARGETED_DEVICE_FAMILY = "1,2";
			};
			name = Debug;
		};
		2BCB1F19195519C600065003 /* Release */ = {
			isa = XCBuildConfiguration;
			buildSettings = {
				ALWAYS_SEARCH_USER_PATHS = NO;
				CLANG_CXX_LANGUAGE_STANDARD = "gnu++0x";
				CLANG_CXX_LIBRARY = "libc++";
				CLANG_ENABLE_MODULES = YES;
				CLANG_ENABLE_OBJC_ARC = YES;
				CLANG_WARN_BOOL_CONVERSION = YES;
				CLANG_WARN_CONSTANT_CONVERSION = YES;
				CLANG_WARN_DIRECT_OBJC_ISA_USAGE = YES_ERROR;
				CLANG_WARN_EMPTY_BODY = YES;
				CLANG_WARN_ENUM_CONVERSION = YES;
				CLANG_WARN_INT_CONVERSION = YES;
				CLANG_WARN_OBJC_ROOT_CLASS = YES_ERROR;
				CLANG_WARN_UNREACHABLE_CODE = YES;
				CLANG_WARN__DUPLICATE_METHOD_MATCH = YES;
				"CODE_SIGN_IDENTITY[sdk=iphoneos*]" = "iPhone Developer";
				COPY_PHASE_STRIP = YES;
				ENABLE_NS_ASSERTIONS = NO;
				ENABLE_STRICT_OBJC_MSGSEND = YES;
				GCC_C_LANGUAGE_STANDARD = gnu99;
				GCC_WARN_64_TO_32_BIT_CONVERSION = YES;
				GCC_WARN_ABOUT_RETURN_TYPE = YES_ERROR;
				GCC_WARN_UNDECLARED_SELECTOR = YES;
				GCC_WARN_UNINITIALIZED_AUTOS = YES_AGGRESSIVE;
				GCC_WARN_UNUSED_FUNCTION = YES;
				GCC_WARN_UNUSED_VARIABLE = YES;
				IPHONEOS_DEPLOYMENT_TARGET = 7.0;
				METAL_ENABLE_DEBUG_INFO = NO;
				SDKROOT = iphoneos;
				TARGETED_DEVICE_FAMILY = "1,2";
				VALIDATE_PRODUCT = YES;
			};
			name = Release;
		};
		2BCB1F1B195519C600065003 /* Debug */ = {
			isa = XCBuildConfiguration;
			buildSettings = {
				ASSETCATALOG_COMPILER_APPICON_NAME = AppIcon;
				ASSETCATALOG_COMPILER_LAUNCHIMAGE_NAME = LaunchImage;
				INFOPLIST_FILE = "Geo Regions Test/Info.plist";
				IPHONEOS_DEPLOYMENT_TARGET = 7.0;
				LD_RUNPATH_SEARCH_PATHS = "$(inherited) @executable_path/Frameworks";
				PRODUCT_NAME = "$(TARGET_NAME)";
			};
			name = Debug;
		};
		2BCB1F1C195519C600065003 /* Release */ = {
			isa = XCBuildConfiguration;
			buildSettings = {
				ASSETCATALOG_COMPILER_APPICON_NAME = AppIcon;
				ASSETCATALOG_COMPILER_LAUNCHIMAGE_NAME = LaunchImage;
				INFOPLIST_FILE = "Geo Regions Test/Info.plist";
				IPHONEOS_DEPLOYMENT_TARGET = 7.0;
				LD_RUNPATH_SEARCH_PATHS = "$(inherited) @executable_path/Frameworks";
				PRODUCT_NAME = "$(TARGET_NAME)";
			};
			name = Release;
		};
		2BCB1F1E195519C600065003 /* Debug */ = {
			isa = XCBuildConfiguration;
			buildSettings = {
				BUNDLE_LOADER = "$(BUILT_PRODUCTS_DIR)/Geo Regions Test.app/Geo Regions Test";
				FRAMEWORK_SEARCH_PATHS = (
					"$(SDKROOT)/Developer/Library/Frameworks",
					"$(inherited)",
				);
				GCC_PREPROCESSOR_DEFINITIONS = (
					"DEBUG=1",
					"$(inherited)",
				);
				INFOPLIST_FILE = "Geo Regions TestTests/Info.plist";
				LD_RUNPATH_SEARCH_PATHS = "$(inherited) @executable_path/Frameworks @loader_path/Frameworks";
				METAL_ENABLE_DEBUG_INFO = YES;
				PRODUCT_NAME = "$(TARGET_NAME)";
				TEST_HOST = "$(BUNDLE_LOADER)";
			};
			name = Debug;
		};
		2BCB1F1F195519C600065003 /* Release */ = {
			isa = XCBuildConfiguration;
			buildSettings = {
				BUNDLE_LOADER = "$(BUILT_PRODUCTS_DIR)/Geo Regions Test.app/Geo Regions Test";
				FRAMEWORK_SEARCH_PATHS = (
					"$(SDKROOT)/Developer/Library/Frameworks",
					"$(inherited)",
				);
				INFOPLIST_FILE = "Geo Regions TestTests/Info.plist";
				LD_RUNPATH_SEARCH_PATHS = "$(inherited) @executable_path/Frameworks @loader_path/Frameworks";
				METAL_ENABLE_DEBUG_INFO = NO;
				PRODUCT_NAME = "$(TARGET_NAME)";
				TEST_HOST = "$(BUNDLE_LOADER)";
			};
			name = Release;
		};
/* End XCBuildConfiguration section */

/* Begin XCConfigurationList section */
		2BCB1EF9195519C600065003 /* Build configuration list for PBXProject "Geo Regions Test" */ = {
			isa = XCConfigurationList;
			buildConfigurations = (
				2BCB1F18195519C600065003 /* Debug */,
				2BCB1F19195519C600065003 /* Release */,
			);
			defaultConfigurationIsVisible = 0;
			defaultConfigurationName = Release;
		};
		2BCB1F1A195519C600065003 /* Build configuration list for PBXNativeTarget "Geo Regions Test" */ = {
			isa = XCConfigurationList;
			buildConfigurations = (
				2BCB1F1B195519C600065003 /* Debug */,
				2BCB1F1C195519C600065003 /* Release */,
			);
			defaultConfigurationIsVisible = 0;
			defaultConfigurationName = Release;
		};
		2BCB1F1D195519C600065003 /* Build configuration list for PBXNativeTarget "Geo Regions TestTests" */ = {
			isa = XCConfigurationList;
			buildConfigurations = (
				2BCB1F1E195519C600065003 /* Debug */,
				2BCB1F1F195519C600065003 /* Release */,
			);
			defaultConfigurationIsVisible = 0;
			defaultConfigurationName = Release;
		};
/* End XCConfigurationList section */
	};
	rootObject = 2BCB1EF6195519C600065003 /* Project object */;
}
